
Microsoft Visual Studio Solution File, Format Version 12.00
# Visual Studio 2013
VisualStudioVersion = 12.0.30723.0
MinimumVisualStudioVersion = 10.0.40219.1
Project("{FAE04EC0-301F-11D3-BF4B-00C04F79EFBC}") = "Archer.Core", "source\application\Core\Archer.Core.csproj", "{5A94F2FE-8FA8-461F-967F-9ED3517283A0}"
EndProject
Project("{FAE04EC0-301F-11D3-BF4B-00C04F79EFBC}") = "Featurz.Application", "source\application\Application\Featurz.Application.csproj", "{B78A32FF-9F66-495C-9002-6C0F3C72C939}"
EndProject
Project("{FAE04EC0-301F-11D3-BF4B-00C04F79EFBC}") = "Archer.Infrastructure", "source\application\Infrastructure\Archer.Infrastructure.csproj", "{14A75980-E29F-4FF7-AB13-36D8522D04BA}"
EndProject
Project("{2150E333-8FDC-42A3-9474-1A3956D46DE8}") = "Tests", "Tests", "{7E01778B-765E-43C3-8E29-1EDC08C24B82}"
EndProject
Project("{FAE04EC0-301F-11D3-BF4B-00C04F79EFBC}") = "Featurz", "source\application\Featurz\Featurz.csproj", "{1478B214-47B4-4365-8FD4-5A34A86BC28D}"
EndProject
Project("{FAE04EC0-301F-11D3-BF4B-00C04F79EFBC}") = "Featurz.Api", "source\application\Api\Featurz.Api.csproj", "{6CA8306E-9069-4D69-B0DD-17E5B467A03B}"
EndProject
Project("{FAE04EC0-301F-11D3-BF4B-00C04F79EFBC}") = "Featurz.Admin", "source\application\Admin\Featurz.Admin.csproj", "{007BF002-14A2-4170-B162-DE15553B82AD}"
EndProject
Project("{2150E333-8FDC-42A3-9474-1A3956D46DE8}") = "Solution", "Solution", "{2D802E1B-4C90-4823-93DF-AC8B8EFCD6EC}"
EndProject
Project("{FAE04EC0-301F-11D3-BF4B-00C04F79EFBC}") = "Featurz.Web", "source\application\Web\Featurz.Web.csproj", "{A8DB6BE2-A927-4429-A08D-9A6DC3B96897}"
EndProject
Project("{E24C65DC-7377-472B-9ABA-BC803B73C61A}") = "AdminLTE-master", "http://localhost:52503", "{054F5711-1B97-4DAC-B7E3-A5C090320498}"
	ProjectSection(WebsiteProperties) = preProject
		UseIISExpress = "true"
		TargetFrameworkMoniker = ".NETFramework,Version%3Dv4.5.1"
		Debug.AspNetCompiler.VirtualPath = "/localhost_52503"
		Debug.AspNetCompiler.PhysicalPath = "..\Users\charles.bryant\Desktop\Projects\AdminLTE-master\AdminLTE-master\"
		Debug.AspNetCompiler.TargetPath = "PrecompiledWeb\localhost_52503\"
		Debug.AspNetCompiler.Updateable = "true"
		Debug.AspNetCompiler.ForceOverwrite = "true"
		Debug.AspNetCompiler.FixedNames = "false"
		Debug.AspNetCompiler.Debug = "True"
		Release.AspNetCompiler.VirtualPath = "/localhost_52503"
		Release.AspNetCompiler.PhysicalPath = "..\Users\charles.bryant\Desktop\Projects\AdminLTE-master\AdminLTE-master\"
		Release.AspNetCompiler.TargetPath = "PrecompiledWeb\localhost_52503\"
		Release.AspNetCompiler.Updateable = "true"
		Release.AspNetCompiler.ForceOverwrite = "true"
		Release.AspNetCompiler.FixedNames = "false"
		Release.AspNetCompiler.Debug = "False"
		SlnRelativePath = "..\Users\charles.bryant\Desktop\Projects\AdminLTE-master\AdminLTE-master\"
		DefaultWebSiteLanguage = "Visual C#"
	EndProjectSection
EndProject
Project("{FAE04EC0-301F-11D3-BF4B-00C04F79EFBC}") = "Featurz.Web.Tests.Unit", "source\test\Featurz.Web.Tests.Unit\Featurz.Web.Tests.Unit.csproj", "{A95D5B40-67CE-44EE-826F-A91874E72416}"
EndProject
Project("{FAE04EC0-301F-11D3-BF4B-00C04F79EFBC}") = "Featurz.Tests.Unit", "source\test\Featurz.Tests.Unit\Featurz.Tests.Unit.csproj", "{E377EC08-B4A8-4F9A-B466-ADF457415E37}"
EndProject
Project("{2150E333-8FDC-42A3-9474-1A3956D46DE8}") = "Demo", "Demo", "{DDD40043-903C-448B-B50F-6F662FC32CAB}"
EndProject
Project("{FAE04EC0-301F-11D3-BF4B-00C04F79EFBC}") = "Featurz.Demo", "source\demo\Featurz.Demo\Featurz.Demo\Featurz.Demo.csproj", "{60301C1B-9518-4D2A-AA9F-8958C1B5EF24}"
EndProject
Project("{FAE04EC0-301F-11D3-BF4B-00C04F79EFBC}") = "Featurz.Application.Tests.Unit", "source\test\Featurz.Application.Tests.Unit\Featurz.Application.Tests.Unit.csproj", "{2AF65183-6D5C-4EB1-9F13-BBC5B6FF27BF}"
EndProject
Global
	GlobalSection(SolutionConfigurationPlatforms) = preSolution
		Debug|Any CPU = Debug|Any CPU
		Release|Any CPU = Release|Any CPU
	EndGlobalSection
	GlobalSection(ProjectConfigurationPlatforms) = postSolution
		{5A94F2FE-8FA8-461F-967F-9ED3517283A0}.Debug|Any CPU.ActiveCfg = Debug|Any CPU
		{5A94F2FE-8FA8-461F-967F-9ED3517283A0}.Debug|Any CPU.Build.0 = Debug|Any CPU
		{5A94F2FE-8FA8-461F-967F-9ED3517283A0}.Release|Any CPU.ActiveCfg = Release|Any CPU
		{5A94F2FE-8FA8-461F-967F-9ED3517283A0}.Release|Any CPU.Build.0 = Release|Any CPU
		{B78A32FF-9F66-495C-9002-6C0F3C72C939}.Debug|Any CPU.ActiveCfg = Debug|Any CPU
		{B78A32FF-9F66-495C-9002-6C0F3C72C939}.Debug|Any CPU.Build.0 = Debug|Any CPU
		{B78A32FF-9F66-495C-9002-6C0F3C72C939}.Release|Any CPU.ActiveCfg = Release|Any CPU
		{B78A32FF-9F66-495C-9002-6C0F3C72C939}.Release|Any CPU.Build.0 = Release|Any CPU
		{14A75980-E29F-4FF7-AB13-36D8522D04BA}.Debug|Any CPU.ActiveCfg = Debug|Any CPU
		{14A75980-E29F-4FF7-AB13-36D8522D04BA}.Debug|Any CPU.Build.0 = Debug|Any CPU
		{14A75980-E29F-4FF7-AB13-36D8522D04BA}.Release|Any CPU.ActiveCfg = Release|Any CPU
		{14A75980-E29F-4FF7-AB13-36D8522D04BA}.Release|Any CPU.Build.0 = Release|Any CPU
		{1478B214-47B4-4365-8FD4-5A34A86BC28D}.Debug|Any CPU.ActiveCfg = Debug|Any CPU
		{1478B214-47B4-4365-8FD4-5A34A86BC28D}.Debug|Any CPU.Build.0 = Debug|Any CPU
		{1478B214-47B4-4365-8FD4-5A34A86BC28D}.Release|Any CPU.ActiveCfg = Release|Any CPU
		{1478B214-47B4-4365-8FD4-5A34A86BC28D}.Release|Any CPU.Build.0 = Release|Any CPU
		{6CA8306E-9069-4D69-B0DD-17E5B467A03B}.Debug|Any CPU.ActiveCfg = Debug|Any CPU
		{6CA8306E-9069-4D69-B0DD-17E5B467A03B}.Debug|Any CPU.Build.0 = Debug|Any CPU
		{6CA8306E-9069-4D69-B0DD-17E5B467A03B}.Release|Any CPU.ActiveCfg = Release|Any CPU
		{6CA8306E-9069-4D69-B0DD-17E5B467A03B}.Release|Any CPU.Build.0 = Release|Any CPU
		{007BF002-14A2-4170-B162-DE15553B82AD}.Debug|Any CPU.ActiveCfg = Debug|Any CPU
		{007BF002-14A2-4170-B162-DE15553B82AD}.Debug|Any CPU.Build.0 = Debug|Any CPU
		{007BF002-14A2-4170-B162-DE15553B82AD}.Release|Any CPU.ActiveCfg = Release|Any CPU
		{007BF002-14A2-4170-B162-DE15553B82AD}.Release|Any CPU.Build.0 = Release|Any CPU
		{A8DB6BE2-A927-4429-A08D-9A6DC3B96897}.Debug|Any CPU.ActiveCfg = Debug|Any CPU
		{A8DB6BE2-A927-4429-A08D-9A6DC3B96897}.Debug|Any CPU.Build.0 = Debug|Any CPU
		{A8DB6BE2-A927-4429-A08D-9A6DC3B96897}.Release|Any CPU.ActiveCfg = Release|Any CPU
		{A8DB6BE2-A927-4429-A08D-9A6DC3B96897}.Release|Any CPU.Build.0 = Release|Any CPU
		{054F5711-1B97-4DAC-B7E3-A5C090320498}.Debug|Any CPU.ActiveCfg = Debug|Any CPU
		{054F5711-1B97-4DAC-B7E3-A5C090320498}.Debug|Any CPU.Build.0 = Debug|Any CPU
		{054F5711-1B97-4DAC-B7E3-A5C090320498}.Release|Any CPU.ActiveCfg = Debug|Any CPU
		{054F5711-1B97-4DAC-B7E3-A5C090320498}.Release|Any CPU.Build.0 = Debug|Any CPU
		{A95D5B40-67CE-44EE-826F-A91874E72416}.Debug|Any CPU.ActiveCfg = Debug|Any CPU
		{A95D5B40-67CE-44EE-826F-A91874E72416}.Debug|Any CPU.Build.0 = Debug|Any CPU
		{A95D5B40-67CE-44EE-826F-A91874E72416}.Release|Any CPU.ActiveCfg = Release|Any CPU
		{A95D5B40-67CE-44EE-826F-A91874E72416}.Release|Any CPU.Build.0 = Release|Any CPU
		{E377EC08-B4A8-4F9A-B466-ADF457415E37}.Debug|Any CPU.ActiveCfg = Debug|Any CPU
		{E377EC08-B4A8-4F9A-B466-ADF457415E37}.Debug|Any CPU.Build.0 = Debug|Any CPU
		{E377EC08-B4A8-4F9A-B466-ADF457415E37}.Release|Any CPU.ActiveCfg = Release|Any CPU
		{E377EC08-B4A8-4F9A-B466-ADF457415E37}.Release|Any CPU.Build.0 = Release|Any CPU
		{60301C1B-9518-4D2A-AA9F-8958C1B5EF24}.Debug|Any CPU.ActiveCfg = Debug|Any CPU
		{60301C1B-9518-4D2A-AA9F-8958C1B5EF24}.Debug|Any CPU.Build.0 = Debug|Any CPU
		{60301C1B-9518-4D2A-AA9F-8958C1B5EF24}.Release|Any CPU.ActiveCfg = Release|Any CPU
		{60301C1B-9518-4D2A-AA9F-8958C1B5EF24}.Release|Any CPU.Build.0 = Release|Any CPU
		{2AF65183-6D5C-4EB1-9F13-BBC5B6FF27BF}.Debug|Any CPU.ActiveCfg = Debug|Any CPU
		{2AF65183-6D5C-4EB1-9F13-BBC5B6FF27BF}.Debug|Any CPU.Build.0 = Debug|Any CPU
		{2AF65183-6D5C-4EB1-9F13-BBC5B6FF27BF}.Release|Any CPU.ActiveCfg = Release|Any CPU
		{2AF65183-6D5C-4EB1-9F13-BBC5B6FF27BF}.Release|Any CPU.Build.0 = Release|Any CPU
	EndGlobalSection
	GlobalSection(SolutionProperties) = preSolution
		HideSolutionNode = FALSE
	EndGlobalSection
	GlobalSection(NestedProjects) = preSolution
		{A95D5B40-67CE-44EE-826F-A91874E72416} = {7E01778B-765E-43C3-8E29-1EDC08C24B82}
		{E377EC08-B4A8-4F9A-B466-ADF457415E37} = {7E01778B-765E-43C3-8E29-1EDC08C24B82}
		{60301C1B-9518-4D2A-AA9F-8958C1B5EF24} = {DDD40043-903C-448B-B50F-6F662FC32CAB}
		{2AF65183-6D5C-4EB1-9F13-BBC5B6FF27BF} = {7E01778B-765E-43C3-8E29-1EDC08C24B82}
	EndGlobalSection
EndGlobal
